
Microsoft Visual Studio Solution File, Format Version 12.00
# Visual Studio 14
VisualStudioVersion = 14.0.23107.0
MinimumVisualStudioVersion = 10.0.40219.1
Project("{FAE04EC0-301F-11D3-BF4B-00C04F79EFBC}") = "BattlEyeFiltersTool", "BattlEyeFiltersTool\BattlEyeFiltersTool.csproj", "{4DD5C6AC-F1C2-49AF-8FD7-CA4046675039}"
EndProject
Project("{FAE04EC0-301F-11D3-BF4B-00C04F79EFBC}") = "BattlEyeFiltersTool.Tests", "BattlEyeFiltersTool.Tests\BattlEyeFiltersTool.Tests.csproj", "{0544CCF3-3990-421B-A070-341C875701E8}"
EndProject
Global
	GlobalSection(SolutionConfigurationPlatforms) = preSolution
		Debug|Any CPU = Debug|Any CPU
		Release|Any CPU = Release|Any CPU
	EndGlobalSection
	GlobalSection(ProjectConfigurationPlatforms) = postSolution
		{4DD5C6AC-F1C2-49AF-8FD7-CA4046675039}.Debug|Any CPU.ActiveCfg = Debug|Any CPU
		{4DD5C6AC-F1C2-49AF-8FD7-CA4046675039}.Debug|Any CPU.Build.0 = Debug|Any CPU
		{4DD5C6AC-F1C2-49AF-8FD7-CA4046675039}.Release|Any CPU.ActiveCfg = Release|Any CPU
		{4DD5C6AC-F1C2-49AF-8FD7-CA4046675039}.Release|Any CPU.Build.0 = Release|Any CPU
		{0544CCF3-3990-421B-A070-341C875701E8}.Debug|Any CPU.ActiveCfg = Debug|Any CPU
		{0544CCF3-3990-421B-A070-341C875701E8}.Debug|Any CPU.Build.0 = Debug|Any CPU
		{0544CCF3-3990-421B-A070-341C875701E8}.Release|Any CPU.ActiveCfg = Release|Any CPU
		{0544CCF3-3990-421B-A070-341C875701E8}.Release|Any CPU.Build.0 = Release|Any CPU
	EndGlobalSection
	GlobalSection(SolutionProperties) = preSolution
		HideSolutionNode = FALSE
	EndGlobalSection
EndGlobal
